
Microsoft Visual Studio Solution File, Format Version 12.00
# Visual Studio 2012
Project("{FAE04EC0-301F-11D3-BF4B-00C04F79EFBC}") = "WS3V", "WS3V\WS3V.csproj", "{947D2EEB-2A83-41D1-B8A7-85FFC062FAB6}"
EndProject
Global
	GlobalSection(SolutionConfigurationPlatforms) = preSolution
		Debug|Any CPU = Debug|Any CPU
		Release|Any CPU = Release|Any CPU
	EndGlobalSection
	GlobalSection(ProjectConfigurationPlatforms) = postSolution
		{947D2EEB-2A83-41D1-B8A7-85FFC062FAB6}.Debug|Any CPU.ActiveCfg = Debug|Any CPU
		{947D2EEB-2A83-41D1-B8A7-85FFC062FAB6}.Debug|Any CPU.Build.0 = Debug|Any CPU
		{947D2EEB-2A83-41D1-B8A7-85FFC062FAB6}.Release|Any CPU.ActiveCfg = Release|Any CPU
		{947D2EEB-2A83-41D1-B8A7-85FFC062FAB6}.Release|Any CPU.Build.0 = Release|Any CPU
	EndGlobalSection
	GlobalSection(SolutionProperties) = preSolution
		HideSolutionNode = FALSE
	EndGlobalSection
EndGlobal
