
Microsoft Visual Studio Solution File, Format Version 12.00
# Visual Studio 2012
Project("{FAE04EC0-301F-11D3-BF4B-00C04F79EFBC}") = "WS3V", "WS3V\WS3V.csproj", "{947D2EEB-2A83-41D1-B8A7-85FFC062FAB6}"
EndProject
Project("{FAE04EC0-301F-11D3-BF4B-00C04F79EFBC}") = "Chat Room Sample", "Samples\ChatRoom\Chat Room Sample.csproj", "{290BFDA7-93DB-4C1F-9889-8EF74352C965}"
EndProject
Project("{FAE04EC0-301F-11D3-BF4B-00C04F79EFBC}") = "WS3V.Tests", "WS3V.Tests\WS3V.Tests.csproj", "{5F4EE748-37E8-40D5-BE9C-7C960E6E2012}"
EndProject
Project("{2150E333-8FDC-42A3-9474-1A3956D46DE8}") = "Samples", "Samples", "{8328EBB2-D03D-4124-B0E7-8CB428E0BCFD}"
EndProject
Project("{FAE04EC0-301F-11D3-BF4B-00C04F79EFBC}") = "RESTful Sample", "Samples\RESTful Sample\RESTful Sample.csproj", "{EB2524CC-3188-489C-AF77-40E330B2D4DB}"
EndProject
Global
	GlobalSection(TeamFoundationVersionControl) = preSolution
		SccNumberOfProjects = 5
		SccEnterpriseProvider = {4CA58AB2-18FA-4F8D-95D4-32DDF27D184C}
		SccTeamFoundationServer = https://echovoice.visualstudio.com/defaultcollection
		SccLocalPath0 = .
		SccProjectUniqueName1 = WS3V\\WS3V.csproj
		SccProjectName1 = WS3V
		SccLocalPath1 = WS3V
		SccProjectUniqueName2 = Samples\\ChatRoom\\Chat\u0020Room\u0020Sample.csproj
		SccProjectTopLevelParentUniqueName2 = WS3V.sln
		SccProjectName2 = Samples/ChatRoom
		SccLocalPath2 = Samples\\ChatRoom
		SccProjectUniqueName3 = WS3V.Tests\\WS3V.Tests.csproj
		SccProjectName3 = WS3V.Tests
		SccLocalPath3 = WS3V.Tests
		SccProjectUniqueName4 = Samples\\RESTful\u0020Sample\\RESTful\u0020Sample.csproj
		SccProjectTopLevelParentUniqueName4 = WS3V.sln
		SccProjectName4 = Samples/RESTful\u0020Sample
		SccLocalPath4 = Samples\\RESTful\u0020Sample
	EndGlobalSection
	GlobalSection(SolutionConfigurationPlatforms) = preSolution
		Debug|Any CPU = Debug|Any CPU
		Debug|ARM = Debug|ARM
		Debug|x64 = Debug|x64
		Debug|x86 = Debug|x86
		Release|Any CPU = Release|Any CPU
		Release|ARM = Release|ARM
		Release|x64 = Release|x64
		Release|x86 = Release|x86
	EndGlobalSection
	GlobalSection(ProjectConfigurationPlatforms) = postSolution
		{947D2EEB-2A83-41D1-B8A7-85FFC062FAB6}.Debug|Any CPU.ActiveCfg = Debug|Any CPU
		{947D2EEB-2A83-41D1-B8A7-85FFC062FAB6}.Debug|Any CPU.Build.0 = Debug|Any CPU
		{947D2EEB-2A83-41D1-B8A7-85FFC062FAB6}.Debug|ARM.ActiveCfg = Debug|Any CPU
		{947D2EEB-2A83-41D1-B8A7-85FFC062FAB6}.Debug|x64.ActiveCfg = Debug|Any CPU
		{947D2EEB-2A83-41D1-B8A7-85FFC062FAB6}.Debug|x86.ActiveCfg = Debug|Any CPU
		{947D2EEB-2A83-41D1-B8A7-85FFC062FAB6}.Release|Any CPU.ActiveCfg = Release|Any CPU
		{947D2EEB-2A83-41D1-B8A7-85FFC062FAB6}.Release|Any CPU.Build.0 = Release|Any CPU
		{947D2EEB-2A83-41D1-B8A7-85FFC062FAB6}.Release|ARM.ActiveCfg = Release|Any CPU
		{947D2EEB-2A83-41D1-B8A7-85FFC062FAB6}.Release|x64.ActiveCfg = Release|Any CPU
		{947D2EEB-2A83-41D1-B8A7-85FFC062FAB6}.Release|x86.ActiveCfg = Release|Any CPU
		{290BFDA7-93DB-4C1F-9889-8EF74352C965}.Debug|Any CPU.ActiveCfg = Debug|Any CPU
		{290BFDA7-93DB-4C1F-9889-8EF74352C965}.Debug|Any CPU.Build.0 = Debug|Any CPU
		{290BFDA7-93DB-4C1F-9889-8EF74352C965}.Debug|ARM.ActiveCfg = Debug|Any CPU
		{290BFDA7-93DB-4C1F-9889-8EF74352C965}.Debug|x64.ActiveCfg = Debug|Any CPU
		{290BFDA7-93DB-4C1F-9889-8EF74352C965}.Debug|x86.ActiveCfg = Debug|Any CPU
		{290BFDA7-93DB-4C1F-9889-8EF74352C965}.Release|Any CPU.ActiveCfg = Release|Any CPU
		{290BFDA7-93DB-4C1F-9889-8EF74352C965}.Release|Any CPU.Build.0 = Release|Any CPU
		{290BFDA7-93DB-4C1F-9889-8EF74352C965}.Release|ARM.ActiveCfg = Release|Any CPU
		{290BFDA7-93DB-4C1F-9889-8EF74352C965}.Release|x64.ActiveCfg = Release|Any CPU
		{290BFDA7-93DB-4C1F-9889-8EF74352C965}.Release|x86.ActiveCfg = Release|Any CPU
		{5F4EE748-37E8-40D5-BE9C-7C960E6E2012}.Debug|Any CPU.ActiveCfg = Debug|Any CPU
		{5F4EE748-37E8-40D5-BE9C-7C960E6E2012}.Debug|Any CPU.Build.0 = Debug|Any CPU
		{5F4EE748-37E8-40D5-BE9C-7C960E6E2012}.Debug|ARM.ActiveCfg = Debug|Any CPU
		{5F4EE748-37E8-40D5-BE9C-7C960E6E2012}.Debug|x64.ActiveCfg = Debug|Any CPU
		{5F4EE748-37E8-40D5-BE9C-7C960E6E2012}.Debug|x86.ActiveCfg = Debug|Any CPU
		{5F4EE748-37E8-40D5-BE9C-7C960E6E2012}.Release|Any CPU.ActiveCfg = Release|Any CPU
		{5F4EE748-37E8-40D5-BE9C-7C960E6E2012}.Release|Any CPU.Build.0 = Release|Any CPU
		{5F4EE748-37E8-40D5-BE9C-7C960E6E2012}.Release|ARM.ActiveCfg = Release|Any CPU
		{5F4EE748-37E8-40D5-BE9C-7C960E6E2012}.Release|x64.ActiveCfg = Release|Any CPU
		{5F4EE748-37E8-40D5-BE9C-7C960E6E2012}.Release|x86.ActiveCfg = Release|Any CPU
		{EB2524CC-3188-489C-AF77-40E330B2D4DB}.Debug|Any CPU.ActiveCfg = Debug|Any CPU
		{EB2524CC-3188-489C-AF77-40E330B2D4DB}.Debug|Any CPU.Build.0 = Debug|Any CPU
		{EB2524CC-3188-489C-AF77-40E330B2D4DB}.Debug|ARM.ActiveCfg = Debug|Any CPU
		{EB2524CC-3188-489C-AF77-40E330B2D4DB}.Debug|x64.ActiveCfg = Debug|Any CPU
		{EB2524CC-3188-489C-AF77-40E330B2D4DB}.Debug|x86.ActiveCfg = Debug|Any CPU
		{EB2524CC-3188-489C-AF77-40E330B2D4DB}.Release|Any CPU.ActiveCfg = Release|Any CPU
		{EB2524CC-3188-489C-AF77-40E330B2D4DB}.Release|Any CPU.Build.0 = Release|Any CPU
		{EB2524CC-3188-489C-AF77-40E330B2D4DB}.Release|ARM.ActiveCfg = Release|Any CPU
		{EB2524CC-3188-489C-AF77-40E330B2D4DB}.Release|x64.ActiveCfg = Release|Any CPU
		{EB2524CC-3188-489C-AF77-40E330B2D4DB}.Release|x86.ActiveCfg = Release|Any CPU
	EndGlobalSection
	GlobalSection(SolutionProperties) = preSolution
		HideSolutionNode = FALSE
	EndGlobalSection
	GlobalSection(NestedProjects) = preSolution
		{290BFDA7-93DB-4C1F-9889-8EF74352C965} = {8328EBB2-D03D-4124-B0E7-8CB428E0BCFD}
		{EB2524CC-3188-489C-AF77-40E330B2D4DB} = {8328EBB2-D03D-4124-B0E7-8CB428E0BCFD}
	EndGlobalSection
EndGlobal
